
Microsoft Visual Studio Solution File, Format Version 12.00
# Visual Studio Express 15 for Windows Desktop
VisualStudioVersion = 15.0.28307.779
MinimumVisualStudioVersion = 10.0.40219.1
Project("{FAE04EC0-301F-11D3-BF4B-00C04F79EFBC}") = "Entidades", "Entidades\Entidades.csproj", "{469B3721-BDB7-4AEB-A467-9EEA081195B7}"
EndProject
Project("{FAE04EC0-301F-11D3-BF4B-00C04F79EFBC}") = "MiCalculadora", "MiCalculadora\MiCalculadora.csproj", "{7DFD3A48-42B5-4095-A387-764FF03B7026}"
EndProject
Global
	GlobalSection(SolutionConfigurationPlatforms) = preSolution
		Debug|Any CPU = Debug|Any CPU
		Release|Any CPU = Release|Any CPU
	EndGlobalSection
	GlobalSection(ProjectConfigurationPlatforms) = postSolution
		{469B3721-BDB7-4AEB-A467-9EEA081195B7}.Debug|Any CPU.ActiveCfg = Debug|Any CPU
		{469B3721-BDB7-4AEB-A467-9EEA081195B7}.Debug|Any CPU.Build.0 = Debug|Any CPU
		{469B3721-BDB7-4AEB-A467-9EEA081195B7}.Release|Any CPU.ActiveCfg = Release|Any CPU
		{469B3721-BDB7-4AEB-A467-9EEA081195B7}.Release|Any CPU.Build.0 = Release|Any CPU
		{7DFD3A48-42B5-4095-A387-764FF03B7026}.Debug|Any CPU.ActiveCfg = Debug|Any CPU
		{7DFD3A48-42B5-4095-A387-764FF03B7026}.Debug|Any CPU.Build.0 = Debug|Any CPU
		{7DFD3A48-42B5-4095-A387-764FF03B7026}.Release|Any CPU.ActiveCfg = Release|Any CPU
		{7DFD3A48-42B5-4095-A387-764FF03B7026}.Release|Any CPU.Build.0 = Release|Any CPU
	EndGlobalSection
	GlobalSection(SolutionProperties) = preSolution
		HideSolutionNode = FALSE
	EndGlobalSection
	GlobalSection(ExtensibilityGlobals) = postSolution
		SolutionGuid = {3B28E375-AB20-4451-935E-D97014B8A2BD}
	EndGlobalSection
EndGlobal
