
Microsoft Visual Studio Solution File, Format Version 12.00
# Visual Studio Express 15 for Windows Desktop
VisualStudioVersion = 15.0.28307.779
MinimumVisualStudioVersion = 10.0.40219.1
Project("{FAE04EC0-301F-11D3-BF4B-00C04F79EFBC}") = "tp3_laboratorio_2", "tp3_laboratorio_2\tp3_laboratorio_2.csproj", "{6CAF22A0-618B-4067-91A0-4F4672C67170}"
EndProject
Project("{FAE04EC0-301F-11D3-BF4B-00C04F79EFBC}") = "EntidadesAbstractas", "EntidadesAbstractas\EntidadesAbstractas.csproj", "{6D80A63A-AEE6-42A8-A0BA-F1A851C0B88A}"
EndProject
Project("{FAE04EC0-301F-11D3-BF4B-00C04F79EFBC}") = "Entidades", "Entidades\Entidades.csproj", "{651C7C2B-5FAE-4D0D-BCA3-EDE8DCCDFB60}"
EndProject
Project("{FAE04EC0-301F-11D3-BF4B-00C04F79EFBC}") = "Excepciones", "Excepciones\Excepciones.csproj", "{4A273EE8-B734-48C3-B764-547F08A7830D}"
EndProject
Project("{FAE04EC0-301F-11D3-BF4B-00C04F79EFBC}") = "Archivos", "Archivos\Archivos.csproj", "{1D2FD300-ECB1-4D3C-BDFC-7B5718208026}"
EndProject
Project("{FAE04EC0-301F-11D3-BF4B-00C04F79EFBC}") = "UnitTests", "UnitTests\UnitTests.csproj", "{75E5C327-0031-467D-AC7B-1EC4F5407F68}"
EndProject
Global
	GlobalSection(SolutionConfigurationPlatforms) = preSolution
		Debug|Any CPU = Debug|Any CPU
		Release|Any CPU = Release|Any CPU
	EndGlobalSection
	GlobalSection(ProjectConfigurationPlatforms) = postSolution
		{6CAF22A0-618B-4067-91A0-4F4672C67170}.Debug|Any CPU.ActiveCfg = Debug|Any CPU
		{6CAF22A0-618B-4067-91A0-4F4672C67170}.Debug|Any CPU.Build.0 = Debug|Any CPU
		{6CAF22A0-618B-4067-91A0-4F4672C67170}.Release|Any CPU.ActiveCfg = Release|Any CPU
		{6CAF22A0-618B-4067-91A0-4F4672C67170}.Release|Any CPU.Build.0 = Release|Any CPU
		{6D80A63A-AEE6-42A8-A0BA-F1A851C0B88A}.Debug|Any CPU.ActiveCfg = Debug|Any CPU
		{6D80A63A-AEE6-42A8-A0BA-F1A851C0B88A}.Debug|Any CPU.Build.0 = Debug|Any CPU
		{6D80A63A-AEE6-42A8-A0BA-F1A851C0B88A}.Release|Any CPU.ActiveCfg = Release|Any CPU
		{6D80A63A-AEE6-42A8-A0BA-F1A851C0B88A}.Release|Any CPU.Build.0 = Release|Any CPU
		{651C7C2B-5FAE-4D0D-BCA3-EDE8DCCDFB60}.Debug|Any CPU.ActiveCfg = Debug|Any CPU
		{651C7C2B-5FAE-4D0D-BCA3-EDE8DCCDFB60}.Debug|Any CPU.Build.0 = Debug|Any CPU
		{651C7C2B-5FAE-4D0D-BCA3-EDE8DCCDFB60}.Release|Any CPU.ActiveCfg = Release|Any CPU
		{651C7C2B-5FAE-4D0D-BCA3-EDE8DCCDFB60}.Release|Any CPU.Build.0 = Release|Any CPU
		{4A273EE8-B734-48C3-B764-547F08A7830D}.Debug|Any CPU.ActiveCfg = Debug|Any CPU
		{4A273EE8-B734-48C3-B764-547F08A7830D}.Debug|Any CPU.Build.0 = Debug|Any CPU
		{4A273EE8-B734-48C3-B764-547F08A7830D}.Release|Any CPU.ActiveCfg = Release|Any CPU
		{4A273EE8-B734-48C3-B764-547F08A7830D}.Release|Any CPU.Build.0 = Release|Any CPU
		{1D2FD300-ECB1-4D3C-BDFC-7B5718208026}.Debug|Any CPU.ActiveCfg = Debug|Any CPU
		{1D2FD300-ECB1-4D3C-BDFC-7B5718208026}.Debug|Any CPU.Build.0 = Debug|Any CPU
		{1D2FD300-ECB1-4D3C-BDFC-7B5718208026}.Release|Any CPU.ActiveCfg = Release|Any CPU
		{1D2FD300-ECB1-4D3C-BDFC-7B5718208026}.Release|Any CPU.Build.0 = Release|Any CPU
		{75E5C327-0031-467D-AC7B-1EC4F5407F68}.Debug|Any CPU.ActiveCfg = Debug|Any CPU
		{75E5C327-0031-467D-AC7B-1EC4F5407F68}.Debug|Any CPU.Build.0 = Debug|Any CPU
		{75E5C327-0031-467D-AC7B-1EC4F5407F68}.Release|Any CPU.ActiveCfg = Release|Any CPU
		{75E5C327-0031-467D-AC7B-1EC4F5407F68}.Release|Any CPU.Build.0 = Release|Any CPU
	EndGlobalSection
	GlobalSection(SolutionProperties) = preSolution
		HideSolutionNode = FALSE
	EndGlobalSection
	GlobalSection(ExtensibilityGlobals) = postSolution
		SolutionGuid = {3718D655-9639-488C-A5CC-3C057D70E7FE}
	EndGlobalSection
EndGlobal
